
Microsoft Visual Studio Solution File, Format Version 11.00
# Visual Studio 2010
# SharpDevelop 4.2.1.8805
Project("{FD48973F-F585-4F70-812B-4D0503B36CE9}") = "HelloWorld", "HelloWorld.pyproj", "{73C28D9D-777A-4EF9-9188-2DB361542C75}"
EndProject
Global
	GlobalSection(SolutionConfigurationPlatforms) = preSolution
		Debug|x86 = Debug|x86
		Release|x86 = Release|x86
	EndGlobalSection
	GlobalSection(ProjectConfigurationPlatforms) = postSolution
		{73C28D9D-777A-4EF9-9188-2DB361542C75}.Debug|x86.Build.0 = Debug|x86
		{73C28D9D-777A-4EF9-9188-2DB361542C75}.Debug|x86.ActiveCfg = Debug|x86
		{73C28D9D-777A-4EF9-9188-2DB361542C75}.Release|x86.Build.0 = Release|x86
		{73C28D9D-777A-4EF9-9188-2DB361542C75}.Release|x86.ActiveCfg = Release|x86
	EndGlobalSection
EndGlobal
